
Microsoft Visual Studio Solution File, Format Version 12.00
# Visual Studio Version 16
VisualStudioVersion = 16.0.29920.165
MinimumVisualStudioVersion = 10.0.40219.1
Project("{FAE04EC0-301F-11D3-BF4B-00C04F79EFBC}") = "DellSnapUpdate", "DellSnapUpdate\DellSnapUpdate.csproj", "{452C1DF1-EF11-40E8-B1CA-BF31D0131FBF}"
EndProject
Global
	GlobalSection(SolutionConfigurationPlatforms) = preSolution
		Debug|ARM = Debug|ARM
		Debug|ARM64 = Debug|ARM64
		Debug|x64 = Debug|x64
		Debug|x86 = Debug|x86
		Release|ARM = Release|ARM
		Release|ARM64 = Release|ARM64
		Release|x64 = Release|x64
		Release|x86 = Release|x86
	EndGlobalSection
	GlobalSection(ProjectConfigurationPlatforms) = postSolution
		{452C1DF1-EF11-40E8-B1CA-BF31D0131FBF}.Debug|ARM.ActiveCfg = Debug|ARM
		{452C1DF1-EF11-40E8-B1CA-BF31D0131FBF}.Debug|ARM.Build.0 = Debug|ARM
		{452C1DF1-EF11-40E8-B1CA-BF31D0131FBF}.Debug|ARM.Deploy.0 = Debug|ARM
		{452C1DF1-EF11-40E8-B1CA-BF31D0131FBF}.Debug|ARM64.ActiveCfg = Debug|ARM64
		{452C1DF1-EF11-40E8-B1CA-BF31D0131FBF}.Debug|ARM64.Build.0 = Debug|ARM64
		{452C1DF1-EF11-40E8-B1CA-BF31D0131FBF}.Debug|ARM64.Deploy.0 = Debug|ARM64
		{452C1DF1-EF11-40E8-B1CA-BF31D0131FBF}.Debug|x64.ActiveCfg = Debug|x64
		{452C1DF1-EF11-40E8-B1CA-BF31D0131FBF}.Debug|x64.Build.0 = Debug|x64
		{452C1DF1-EF11-40E8-B1CA-BF31D0131FBF}.Debug|x64.Deploy.0 = Debug|x64
		{452C1DF1-EF11-40E8-B1CA-BF31D0131FBF}.Debug|x86.ActiveCfg = Debug|x86
		{452C1DF1-EF11-40E8-B1CA-BF31D0131FBF}.Debug|x86.Build.0 = Debug|x86
		{452C1DF1-EF11-40E8-B1CA-BF31D0131FBF}.Debug|x86.Deploy.0 = Debug|x86
		{452C1DF1-EF11-40E8-B1CA-BF31D0131FBF}.Release|ARM.ActiveCfg = Release|ARM
		{452C1DF1-EF11-40E8-B1CA-BF31D0131FBF}.Release|ARM.Build.0 = Release|ARM
		{452C1DF1-EF11-40E8-B1CA-BF31D0131FBF}.Release|ARM.Deploy.0 = Release|ARM
		{452C1DF1-EF11-40E8-B1CA-BF31D0131FBF}.Release|ARM64.ActiveCfg = Release|ARM64
		{452C1DF1-EF11-40E8-B1CA-BF31D0131FBF}.Release|ARM64.Build.0 = Release|ARM64
		{452C1DF1-EF11-40E8-B1CA-BF31D0131FBF}.Release|ARM64.Deploy.0 = Release|ARM64
		{452C1DF1-EF11-40E8-B1CA-BF31D0131FBF}.Release|x64.ActiveCfg = Release|x64
		{452C1DF1-EF11-40E8-B1CA-BF31D0131FBF}.Release|x64.Build.0 = Release|x64
		{452C1DF1-EF11-40E8-B1CA-BF31D0131FBF}.Release|x64.Deploy.0 = Release|x64
		{452C1DF1-EF11-40E8-B1CA-BF31D0131FBF}.Release|x86.ActiveCfg = Release|x86
		{452C1DF1-EF11-40E8-B1CA-BF31D0131FBF}.Release|x86.Build.0 = Release|x86
		{452C1DF1-EF11-40E8-B1CA-BF31D0131FBF}.Release|x86.Deploy.0 = Release|x86
	EndGlobalSection
	GlobalSection(SolutionProperties) = preSolution
		HideSolutionNode = FALSE
	EndGlobalSection
	GlobalSection(ExtensibilityGlobals) = postSolution
		SolutionGuid = {562FE7EC-8E14-449E-A7C9-CC2866F809E0}
	EndGlobalSection
EndGlobal
